
Microsoft Visual Studio Solution File, Format Version 12.00
# Visual Studio Version 16
VisualStudioVersion = 16.6.30114.105
MinimumVisualStudioVersion = 10.0.40219.1
Project("{2150E333-8FDC-42A3-9474-1A3956D46DE8}") = "src", "src", "{70149295-DFBF-4D4E-9505-444FB5F2C393}"
EndProject
Project("{9A19103F-16F7-4668-BE54-9A1E7A4F7556}") = "Backend", "src\Backend\Backend.csproj", "{BB500E13-2E0D-4B65-AF04-554A539035DD}"
EndProject
Project("{9A19103F-16F7-4668-BE54-9A1E7A4F7556}") = "Frontend", "src\Frontend\Frontend.csproj", "{1F9C9C78-66F2-481A-828E-EE9A1465441B}"
EndProject
Project("{9A19103F-16F7-4668-BE54-9A1E7A4F7556}") = "WebApi", "src\WebApi\WebApi.csproj", "{5100AD91-A5B9-4AF5-A253-94C6B4E51CE7}"
EndProject
Project("{2150E333-8FDC-42A3-9474-1A3956D46DE8}") = "TyeSolution", "TyeSolution", "{B381A9BE-5F80-4F80-A008-F031FF066FF9}"
EndProject
Project("{2150E333-8FDC-42A3-9474-1A3956D46DE8}") = "OcelotSolution", "OcelotSolution", "{E6B41104-4B51-4706-BE52-38DEE455C4C2}"
EndProject
Project("{9A19103F-16F7-4668-BE54-9A1E7A4F7556}") = "WebApp", "src\WebApp\WebApp.csproj", "{F659EBC2-EF3C-463C-A476-22798C8B7A78}"
EndProject
Project("{9A19103F-16F7-4668-BE54-9A1E7A4F7556}") = "WebGateway", "src\WebGateway\WebGateway.csproj", "{5C94AC09-3649-4E0C-81A5-D78B16CF0324}"
EndProject
Project("{2150E333-8FDC-42A3-9474-1A3956D46DE8}") = "ServiceDiscoverySolution", "ServiceDiscoverySolution", "{E8992335-7981-4ABA-A678-6230D34F7D87}"
EndProject
Project("{FAE04EC0-301F-11D3-BF4B-00C04F79EFBC}") = "ServiceDiscovery.Api1", "src\ServiceDiscovery.Api1\ServiceDiscovery.Api1.csproj", "{F2A8AE09-118C-481A-92B5-201BB4EA6CCC}"
EndProject
Project("{FAE04EC0-301F-11D3-BF4B-00C04F79EFBC}") = "ServiceDiscovery.Api2", "src\ServiceDiscovery.Api2\ServiceDiscovery.Api2.csproj", "{325A6E45-E242-42F4-A76C-B2AE5548BA56}"
EndProject
Global
	GlobalSection(SolutionConfigurationPlatforms) = preSolution
		Debug|Any CPU = Debug|Any CPU
		Debug|x64 = Debug|x64
		Debug|x86 = Debug|x86
		Release|Any CPU = Release|Any CPU
		Release|x64 = Release|x64
		Release|x86 = Release|x86
	EndGlobalSection
	GlobalSection(ProjectConfigurationPlatforms) = postSolution
		{BB500E13-2E0D-4B65-AF04-554A539035DD}.Debug|Any CPU.ActiveCfg = Debug|Any CPU
		{BB500E13-2E0D-4B65-AF04-554A539035DD}.Debug|Any CPU.Build.0 = Debug|Any CPU
		{BB500E13-2E0D-4B65-AF04-554A539035DD}.Debug|x64.ActiveCfg = Debug|Any CPU
		{BB500E13-2E0D-4B65-AF04-554A539035DD}.Debug|x64.Build.0 = Debug|Any CPU
		{BB500E13-2E0D-4B65-AF04-554A539035DD}.Debug|x86.ActiveCfg = Debug|Any CPU
		{BB500E13-2E0D-4B65-AF04-554A539035DD}.Debug|x86.Build.0 = Debug|Any CPU
		{BB500E13-2E0D-4B65-AF04-554A539035DD}.Release|Any CPU.ActiveCfg = Release|Any CPU
		{BB500E13-2E0D-4B65-AF04-554A539035DD}.Release|Any CPU.Build.0 = Release|Any CPU
		{BB500E13-2E0D-4B65-AF04-554A539035DD}.Release|x64.ActiveCfg = Release|Any CPU
		{BB500E13-2E0D-4B65-AF04-554A539035DD}.Release|x64.Build.0 = Release|Any CPU
		{BB500E13-2E0D-4B65-AF04-554A539035DD}.Release|x86.ActiveCfg = Release|Any CPU
		{BB500E13-2E0D-4B65-AF04-554A539035DD}.Release|x86.Build.0 = Release|Any CPU
		{1F9C9C78-66F2-481A-828E-EE9A1465441B}.Debug|Any CPU.ActiveCfg = Debug|Any CPU
		{1F9C9C78-66F2-481A-828E-EE9A1465441B}.Debug|Any CPU.Build.0 = Debug|Any CPU
		{1F9C9C78-66F2-481A-828E-EE9A1465441B}.Debug|x64.ActiveCfg = Debug|Any CPU
		{1F9C9C78-66F2-481A-828E-EE9A1465441B}.Debug|x64.Build.0 = Debug|Any CPU
		{1F9C9C78-66F2-481A-828E-EE9A1465441B}.Debug|x86.ActiveCfg = Debug|Any CPU
		{1F9C9C78-66F2-481A-828E-EE9A1465441B}.Debug|x86.Build.0 = Debug|Any CPU
		{1F9C9C78-66F2-481A-828E-EE9A1465441B}.Release|Any CPU.ActiveCfg = Release|Any CPU
		{1F9C9C78-66F2-481A-828E-EE9A1465441B}.Release|Any CPU.Build.0 = Release|Any CPU
		{1F9C9C78-66F2-481A-828E-EE9A1465441B}.Release|x64.ActiveCfg = Release|Any CPU
		{1F9C9C78-66F2-481A-828E-EE9A1465441B}.Release|x64.Build.0 = Release|Any CPU
		{1F9C9C78-66F2-481A-828E-EE9A1465441B}.Release|x86.ActiveCfg = Release|Any CPU
		{1F9C9C78-66F2-481A-828E-EE9A1465441B}.Release|x86.Build.0 = Release|Any CPU
		{5100AD91-A5B9-4AF5-A253-94C6B4E51CE7}.Debug|Any CPU.ActiveCfg = Debug|Any CPU
		{5100AD91-A5B9-4AF5-A253-94C6B4E51CE7}.Debug|Any CPU.Build.0 = Debug|Any CPU
		{5100AD91-A5B9-4AF5-A253-94C6B4E51CE7}.Debug|x64.ActiveCfg = Debug|Any CPU
		{5100AD91-A5B9-4AF5-A253-94C6B4E51CE7}.Debug|x64.Build.0 = Debug|Any CPU
		{5100AD91-A5B9-4AF5-A253-94C6B4E51CE7}.Debug|x86.ActiveCfg = Debug|Any CPU
		{5100AD91-A5B9-4AF5-A253-94C6B4E51CE7}.Debug|x86.Build.0 = Debug|Any CPU
		{5100AD91-A5B9-4AF5-A253-94C6B4E51CE7}.Release|Any CPU.ActiveCfg = Release|Any CPU
		{5100AD91-A5B9-4AF5-A253-94C6B4E51CE7}.Release|Any CPU.Build.0 = Release|Any CPU
		{5100AD91-A5B9-4AF5-A253-94C6B4E51CE7}.Release|x64.ActiveCfg = Release|Any CPU
		{5100AD91-A5B9-4AF5-A253-94C6B4E51CE7}.Release|x64.Build.0 = Release|Any CPU
		{5100AD91-A5B9-4AF5-A253-94C6B4E51CE7}.Release|x86.ActiveCfg = Release|Any CPU
		{5100AD91-A5B9-4AF5-A253-94C6B4E51CE7}.Release|x86.Build.0 = Release|Any CPU
		{F659EBC2-EF3C-463C-A476-22798C8B7A78}.Debug|Any CPU.ActiveCfg = Debug|Any CPU
		{F659EBC2-EF3C-463C-A476-22798C8B7A78}.Debug|Any CPU.Build.0 = Debug|Any CPU
		{F659EBC2-EF3C-463C-A476-22798C8B7A78}.Debug|x64.ActiveCfg = Debug|Any CPU
		{F659EBC2-EF3C-463C-A476-22798C8B7A78}.Debug|x64.Build.0 = Debug|Any CPU
		{F659EBC2-EF3C-463C-A476-22798C8B7A78}.Debug|x86.ActiveCfg = Debug|Any CPU
		{F659EBC2-EF3C-463C-A476-22798C8B7A78}.Debug|x86.Build.0 = Debug|Any CPU
		{F659EBC2-EF3C-463C-A476-22798C8B7A78}.Release|Any CPU.ActiveCfg = Release|Any CPU
		{F659EBC2-EF3C-463C-A476-22798C8B7A78}.Release|Any CPU.Build.0 = Release|Any CPU
		{F659EBC2-EF3C-463C-A476-22798C8B7A78}.Release|x64.ActiveCfg = Release|Any CPU
		{F659EBC2-EF3C-463C-A476-22798C8B7A78}.Release|x64.Build.0 = Release|Any CPU
		{F659EBC2-EF3C-463C-A476-22798C8B7A78}.Release|x86.ActiveCfg = Release|Any CPU
		{F659EBC2-EF3C-463C-A476-22798C8B7A78}.Release|x86.Build.0 = Release|Any CPU
		{5C94AC09-3649-4E0C-81A5-D78B16CF0324}.Debug|Any CPU.ActiveCfg = Debug|Any CPU
		{5C94AC09-3649-4E0C-81A5-D78B16CF0324}.Debug|Any CPU.Build.0 = Debug|Any CPU
		{5C94AC09-3649-4E0C-81A5-D78B16CF0324}.Debug|x64.ActiveCfg = Debug|Any CPU
		{5C94AC09-3649-4E0C-81A5-D78B16CF0324}.Debug|x64.Build.0 = Debug|Any CPU
		{5C94AC09-3649-4E0C-81A5-D78B16CF0324}.Debug|x86.ActiveCfg = Debug|Any CPU
		{5C94AC09-3649-4E0C-81A5-D78B16CF0324}.Debug|x86.Build.0 = Debug|Any CPU
		{5C94AC09-3649-4E0C-81A5-D78B16CF0324}.Release|Any CPU.ActiveCfg = Release|Any CPU
		{5C94AC09-3649-4E0C-81A5-D78B16CF0324}.Release|Any CPU.Build.0 = Release|Any CPU
		{5C94AC09-3649-4E0C-81A5-D78B16CF0324}.Release|x64.ActiveCfg = Release|Any CPU
		{5C94AC09-3649-4E0C-81A5-D78B16CF0324}.Release|x64.Build.0 = Release|Any CPU
		{5C94AC09-3649-4E0C-81A5-D78B16CF0324}.Release|x86.ActiveCfg = Release|Any CPU
		{5C94AC09-3649-4E0C-81A5-D78B16CF0324}.Release|x86.Build.0 = Release|Any CPU
		{F2A8AE09-118C-481A-92B5-201BB4EA6CCC}.Debug|Any CPU.ActiveCfg = Debug|Any CPU
		{F2A8AE09-118C-481A-92B5-201BB4EA6CCC}.Debug|Any CPU.Build.0 = Debug|Any CPU
		{F2A8AE09-118C-481A-92B5-201BB4EA6CCC}.Debug|x64.ActiveCfg = Debug|Any CPU
		{F2A8AE09-118C-481A-92B5-201BB4EA6CCC}.Debug|x64.Build.0 = Debug|Any CPU
		{F2A8AE09-118C-481A-92B5-201BB4EA6CCC}.Debug|x86.ActiveCfg = Debug|Any CPU
		{F2A8AE09-118C-481A-92B5-201BB4EA6CCC}.Debug|x86.Build.0 = Debug|Any CPU
		{F2A8AE09-118C-481A-92B5-201BB4EA6CCC}.Release|Any CPU.ActiveCfg = Release|Any CPU
		{F2A8AE09-118C-481A-92B5-201BB4EA6CCC}.Release|Any CPU.Build.0 = Release|Any CPU
		{F2A8AE09-118C-481A-92B5-201BB4EA6CCC}.Release|x64.ActiveCfg = Release|Any CPU
		{F2A8AE09-118C-481A-92B5-201BB4EA6CCC}.Release|x64.Build.0 = Release|Any CPU
		{F2A8AE09-118C-481A-92B5-201BB4EA6CCC}.Release|x86.ActiveCfg = Release|Any CPU
		{F2A8AE09-118C-481A-92B5-201BB4EA6CCC}.Release|x86.Build.0 = Release|Any CPU
		{325A6E45-E242-42F4-A76C-B2AE5548BA56}.Debug|Any CPU.ActiveCfg = Debug|Any CPU
		{325A6E45-E242-42F4-A76C-B2AE5548BA56}.Debug|Any CPU.Build.0 = Debug|Any CPU
		{325A6E45-E242-42F4-A76C-B2AE5548BA56}.Debug|x64.ActiveCfg = Debug|Any CPU
		{325A6E45-E242-42F4-A76C-B2AE5548BA56}.Debug|x64.Build.0 = Debug|Any CPU
		{325A6E45-E242-42F4-A76C-B2AE5548BA56}.Debug|x86.ActiveCfg = Debug|Any CPU
		{325A6E45-E242-42F4-A76C-B2AE5548BA56}.Debug|x86.Build.0 = Debug|Any CPU
		{325A6E45-E242-42F4-A76C-B2AE5548BA56}.Release|Any CPU.ActiveCfg = Release|Any CPU
		{325A6E45-E242-42F4-A76C-B2AE5548BA56}.Release|Any CPU.Build.0 = Release|Any CPU
		{325A6E45-E242-42F4-A76C-B2AE5548BA56}.Release|x64.ActiveCfg = Release|Any CPU
		{325A6E45-E242-42F4-A76C-B2AE5548BA56}.Release|x64.Build.0 = Release|Any CPU
		{325A6E45-E242-42F4-A76C-B2AE5548BA56}.Release|x86.ActiveCfg = Release|Any CPU
		{325A6E45-E242-42F4-A76C-B2AE5548BA56}.Release|x86.Build.0 = Release|Any CPU
	EndGlobalSection
	GlobalSection(SolutionProperties) = preSolution
		HideSolutionNode = FALSE
	EndGlobalSection
	GlobalSection(NestedProjects) = preSolution
		{BB500E13-2E0D-4B65-AF04-554A539035DD} = {B381A9BE-5F80-4F80-A008-F031FF066FF9}
		{1F9C9C78-66F2-481A-828E-EE9A1465441B} = {B381A9BE-5F80-4F80-A008-F031FF066FF9}
		{5100AD91-A5B9-4AF5-A253-94C6B4E51CE7} = {E6B41104-4B51-4706-BE52-38DEE455C4C2}
		{B381A9BE-5F80-4F80-A008-F031FF066FF9} = {70149295-DFBF-4D4E-9505-444FB5F2C393}
		{E6B41104-4B51-4706-BE52-38DEE455C4C2} = {70149295-DFBF-4D4E-9505-444FB5F2C393}
		{F659EBC2-EF3C-463C-A476-22798C8B7A78} = {E6B41104-4B51-4706-BE52-38DEE455C4C2}
		{5C94AC09-3649-4E0C-81A5-D78B16CF0324} = {E6B41104-4B51-4706-BE52-38DEE455C4C2}
		{E8992335-7981-4ABA-A678-6230D34F7D87} = {70149295-DFBF-4D4E-9505-444FB5F2C393}
		{F2A8AE09-118C-481A-92B5-201BB4EA6CCC} = {E8992335-7981-4ABA-A678-6230D34F7D87}
		{325A6E45-E242-42F4-A76C-B2AE5548BA56} = {E8992335-7981-4ABA-A678-6230D34F7D87}
	EndGlobalSection
	GlobalSection(ExtensibilityGlobals) = postSolution
		SolutionGuid = {C22AA5B2-BE97-4F5B-92E6-B8F9E87595E8}
	EndGlobalSection
EndGlobal
